{
  "name": "controls-doctrine",
  "version": "0.0.0",
  "lockfileVersion": 3,
  "requires": true,
  "packages": {
    "": {
      "name": "controls-doctrine",
      "version": "0.0.0",
      "license": "MIT OR Apache-2.0",
      "dependencies": {
        "@sigstore/bundle": "5.0.0",
        "@sigstore/protobuf-specs": "0.5.1",
        "@sigstore/tuf": "5.0.0",
        "@sigstore/verify": "4.1.0",
        "sigstore": "5.0.0"
      },
      "engines": {
        "node": ">=22.22.2"
      }
    },
    "node_modules/@gar/promise-retry": {
      "version": "1.0.3",
      "resolved": "https://registry.npmjs.org/@gar/promise-retry/-/promise-retry-1.0.3.tgz",
      "integrity": "sha512-GmzA9ckNokPypTg10pgpeHNQe7ph+iIKKmhKu3Ob9ANkswreCx7R3cKmY781K8QK3AqVL3xVh9A42JvIAbkkSA==",
      "license": "MIT",
      "engines": {
        "node": "^20.17.0 || >=22.9.0"
      }
    },
    "node_modules/@npmcli/agent": {
      "version": "5.0.2",
      "resolved": "https://registry.npmjs.org/@npmcli/agent/-/agent-5.0.2.tgz",
      "integrity": "sha512-EkzGmEsgbQ1rqWkRJe2P0oQHx/ylZozDUNPMXCklLuSFL3GY+QyEfBUjhjCsgGXzh4OGpnHvkboSQgczjP/jJg==",
      "license": "ISC",
      "dependencies": {
        "agent-base": "^9.0.0",
        "http-proxy-agent": "^9.0.0",
        "https-proxy-agent": "^9.0.0",
        "lru-cache": "^11.2.1",
        "socks-proxy-agent": "^10.0.0"
      },
      "engines": {
        "node": "^22.22.2 || ^24.15.0 || >=26.0.0"
      }
    },
    "node_modules/@npmcli/fs": {
      "version": "6.0.0",
      "resolved": "https://registry.npmjs.org/@npmcli/fs/-/fs-6.0.0.tgz",
      "integrity": "sha512-AheOs4swKka/XLtht6xxJDPezlQ7K2IYQ9Y8lST4JLDjnralnWuMM9AE2CdVcgQJ5omrXhsRzM7F7aYmeZBvKQ==",
      "license": "ISC",
      "dependencies": {
        "semver": "^7.3.5"
      },
      "engines": {
        "node": "^22.22.2 || ^24.15.0 || >=26.0.0"
      }
    },
    "node_modules/@npmcli/redact": {
      "version": "5.0.0",
      "resolved": "https://registry.npmjs.org/@npmcli/redact/-/redact-5.0.0.tgz",
      "integrity": "sha512-3zcN5Q3yEmeyxXBzqB6fXPQFzYa2ROsGFSr69W0ArXIAGJqxl/aFECOVPD2kbkYPm0U/EHxFKgclK3UA9WQg5A==",
      "license": "ISC",
      "engines": {
        "node": "^22.22.2 || ^24.15.0 || >=26.0.0"
      }
    },
    "node_modules/@sigstore/bundle": {
      "version": "5.0.0",
      "resolved": "https://registry.npmjs.org/@sigstore/bundle/-/bundle-5.0.0.tgz",
      "integrity": "sha512-wefjygudENbzbQMks1t5u34EP0fFoD0XvaEP7DOUP/sXKvogzEJYFw5E6pegGyp3onGWzVEYKVa3bNZWyTYX+A==",
      "license": "Apache-2.0",
      "dependencies": {
        "@sigstore/protobuf-specs": "^0.5.0"
      },
      "engines": {
        "node": "^22.22.2 || ^24.15.0 || >=26.0.0"
      }
    },
    "node_modules/@sigstore/core": {
      "version": "4.0.1",
      "resolved": "https://registry.npmjs.org/@sigstore/core/-/core-4.0.1.tgz",
      "integrity": "sha512-9v5hRjujn5NXq8o7XFEUgLyAtdr5Iisb4pzM05u3K61IS5q3hP3luWAndk0RkPPLTUFoTbg7Vb84UQ1ZQeajWQ==",
      "license": "Apache-2.0",
      "engines": {
        "node": "^22.22.2 || ^24.15.0 || >=26.0.0"
      }
    },
    "node_modules/@sigstore/protobuf-specs": {
      "version": "0.5.1",
      "resolved": "https://registry.npmjs.org/@sigstore/protobuf-specs/-/protobuf-specs-0.5.1.tgz",
      "integrity": "sha512-/ScWUhhoFasJsSRGTVBwId1loQjjnjAfE4djL6ZhrXRpNCmPTnUKF5Jokd58ILseOMjzET3UrMOtJPS9sYeI0g==",
      "license": "Apache-2.0",
      "engines": {
        "node": "^18.17.0 || >=20.5.0"
      }
    },
    "node_modules/@sigstore/sign": {
      "version": "5.0.0",
      "resolved": "https://registry.npmjs.org/@sigstore/sign/-/sign-5.0.0.tgz",
      "integrity": "sha512-DSFivqz9/i5AkwZ5fq0YdjaJlc4o1WeS2Zffon0kqtChx0vy4W9NOjkEet9bF2vkzOufX72eVH8kZBIGtcBp1w==",
      "license": "Apache-2.0",
      "dependencies": {
        "@gar/promise-retry": "^1.0.2",
        "@sigstore/bundle": "^5.0.0",
        "@sigstore/core": "^4.0.0",
        "@sigstore/protobuf-specs": "^0.5.0",
        "make-fetch-happen": "^16.0.0",
        "proc-log": "^7.0.0"
      },
      "engines": {
        "node": "^22.22.2 || ^24.15.0 || >=26.0.0"
      }
    },
    "node_modules/@sigstore/tuf": {
      "version": "5.0.0",
      "resolved": "https://registry.npmjs.org/@sigstore/tuf/-/tuf-5.0.0.tgz",
      "integrity": "sha512-Zyqg9tcHps3uRAlKHLNmsW4ohsUZAjb9G+31r7lg0ICh/JOcadzmJsIRdjKljlRHpaR0K4aJ2kXXIdywdcdMlA==",
      "license": "Apache-2.0",
      "dependencies": {
        "@sigstore/protobuf-specs": "^0.5.0",
        "tuf-js": "^6.0.0"
      },
      "engines": {
        "node": "^22.22.2 || ^24.15.0 || >=26.0.0"
      }
    },
    "node_modules/@sigstore/verify": {
      "version": "4.1.0",
      "resolved": "https://registry.npmjs.org/@sigstore/verify/-/verify-4.1.0.tgz",
      "integrity": "sha512-p/s720RiWxLG8XtmfdPfEJOlATA6H/2knFqmtQbFkHKN3IrhWGUwPfpQAf1UnQIEES9IaH6zzhfjkrhTfeSdZw==",
      "license": "Apache-2.0",
      "dependencies": {
        "@sigstore/bundle": "^5.0.0",
        "@sigstore/core": "^4.0.1",
        "@sigstore/protobuf-specs": "^0.5.0"
      },
      "engines": {
        "node": "^22.22.2 || ^24.15.0 || >=26.0.0"
      }
    },
    "node_modules/@tufjs/canonical-json": {
      "version": "2.0.0",
      "resolved": "https://registry.npmjs.org/@tufjs/canonical-json/-/canonical-json-2.0.0.tgz",
      "integrity": "sha512-yVtV8zsdo8qFHe+/3kw81dSLyF7D576A5cCFCi4X7B39tWT7SekaEFUnvnWJHz+9qO7qJTah1JbrDjWKqFtdWA==",
      "license": "MIT",
      "engines": {
        "node": "^16.14.0 || >=18.0.0"
      }
    },
    "node_modules/@tufjs/models": {
      "version": "5.0.0",
      "resolved": "https://registry.npmjs.org/@tufjs/models/-/models-5.0.0.tgz",
      "integrity": "sha512-U4mVcdFGOi6pt8n38LdWZp67Svn7ppnU1Pj8SGOVaBi1X4gm+G4ztQlLfkoJbKSHfjA6WeaiJp2A4V83AJF6nQ==",
      "license": "MIT",
      "dependencies": {
        "@tufjs/canonical-json": "2.0.0",
        "minimatch": "^10.2.1"
      },
      "engines": {
        "node": "^22.22.2 || ^24.15.0 || >=26.0.0"
      }
    },
    "node_modules/agent-base": {
      "version": "9.0.0",
      "resolved": "https://registry.npmjs.org/agent-base/-/agent-base-9.0.0.tgz",
      "integrity": "sha512-TQf59BsZnytt8GdJKLPfUZ54g/iaUL2OWDSFCCvMOhsHduDQxO8xC4PNeyIkVcA5KwL2phPSv0douC0fgWzmnA==",
      "license": "MIT",
      "engines": {
        "node": ">= 20"
      }
    },
    "node_modules/balanced-match": {
      "version": "4.0.4",
      "resolved": "https://registry.npmjs.org/balanced-match/-/balanced-match-4.0.4.tgz",
      "integrity": "sha512-BLrgEcRTwX2o6gGxGOCNyMvGSp35YofuYzw9h1IMTRmKqttAZZVU67bdb9Pr2vUHA8+j3i2tJfjO6C6+4myGTA==",
      "license": "MIT",
      "engines": {
        "node": "18 || 20 || >=22"
      }
    },
    "node_modules/brace-expansion": {
      "version": "5.0.7",
      "resolved": "https://registry.npmjs.org/brace-expansion/-/brace-expansion-5.0.7.tgz",
      "integrity": "sha512-7oFy703dxfY3/NLxC1fh2SUCQ0H9rmAY+5EpDVfXjUTTs+HEwR2nYaqLv+GWcTsumwxPfiz6CzCNkwXwBUwqCA==",
      "license": "MIT",
      "dependencies": {
        "balanced-match": "^4.0.2"
      },
      "engines": {
        "node": "18 || 20 || >=22"
      }
    },
    "node_modules/cacache": {
      "version": "21.0.1",
      "resolved": "https://registry.npmjs.org/cacache/-/cacache-21.0.1.tgz",
      "integrity": "sha512-pTwz/uj3Jyp6WXdJ6fWhR+7LVxVs6RyroQSn7KJwHsSxXuyGSp0pcMVcwSwTpCFq1X2YG8QBe0W+vN+cr0SwzA==",
      "license": "ISC",
      "dependencies": {
        "@npmcli/fs": "^6.0.0",
        "fs-minipass": "^3.0.0",
        "glob": "^13.0.0",
        "lru-cache": "^11.1.0",
        "minipass": "^7.0.3",
        "minipass-collect": "^2.0.1",
        "minipass-flush": "^1.0.5",
        "minipass-pipeline": "^1.2.4",
        "p-map": "^7.0.2",
        "ssri": "^14.0.0"
      },
      "engines": {
        "node": "^22.22.2 || ^24.15.0 || >=26.0.0"
      }
    },
    "node_modules/debug": {
      "version": "4.4.3",
      "resolved": "https://registry.npmjs.org/debug/-/debug-4.4.3.tgz",
      "integrity": "sha512-RGwwWnwQvkVfavKVt22FGLw+xYSdzARwm0ru6DhTVA3umU5hZc28V3kO4stgYryrTlLpuvgI9GiijltAjNbcqA==",
      "license": "MIT",
      "dependencies": {
        "ms": "^2.1.3"
      },
      "engines": {
        "node": ">=6.0"
      },
      "peerDependenciesMeta": {
        "supports-color": {
          "optional": true
        }
      }
    },
    "node_modules/fs-minipass": {
      "version": "3.0.3",
      "resolved": "https://registry.npmjs.org/fs-minipass/-/fs-minipass-3.0.3.tgz",
      "integrity": "sha512-XUBA9XClHbnJWSfBzjkm6RvPsyg3sryZt06BEQoXcF7EK/xpGaQYJgQKDJSUH5SGZ76Y7pFx1QBnXz09rU5Fbw==",
      "license": "ISC",
      "dependencies": {
        "minipass": "^7.0.3"
      },
      "engines": {
        "node": "^14.17.0 || ^16.13.0 || >=18.0.0"
      }
    },
    "node_modules/glob": {
      "version": "13.0.6",
      "resolved": "https://registry.npmjs.org/glob/-/glob-13.0.6.tgz",
      "integrity": "sha512-Wjlyrolmm8uDpm/ogGyXZXb1Z+Ca2B8NbJwqBVg0axK9GbBeoS7yGV6vjXnYdGm6X53iehEuxxbyiKp8QmN4Vw==",
      "license": "BlueOak-1.0.0",
      "dependencies": {
        "minimatch": "^10.2.2",
        "minipass": "^7.1.3",
        "path-scurry": "^2.0.2"
      },
      "engines": {
        "node": "18 || 20 || >=22"
      },
      "funding": {
        "url": "https://github.com/sponsors/isaacs"
      }
    },
    "node_modules/http-cache-semantics": {
      "version": "4.2.0",
      "resolved": "https://registry.npmjs.org/http-cache-semantics/-/http-cache-semantics-4.2.0.tgz",
      "integrity": "sha512-dTxcvPXqPvXBQpq5dUr6mEMJX4oIEFv6bwom3FDwKRDsuIjjJGANqhBuoAn9c1RQJIdAKav33ED65E2ys+87QQ==",
      "license": "BSD-2-Clause"
    },
    "node_modules/http-proxy-agent": {
      "version": "9.1.0",
      "resolved": "https://registry.npmjs.org/http-proxy-agent/-/http-proxy-agent-9.1.0.tgz",
      "integrity": "sha512-2NxoveTT58mjYT4n3RPTEfCZGLMbidoO8XEieXfpSYxu+PQJ1qpx4ypwH6N+uF9twBPIvRRgvkvW5HUTYWENig==",
      "license": "MIT",
      "dependencies": {
        "agent-base": "9.0.0",
        "debug": "^4.3.4",
        "proxy-agent-negotiate": "1.1.0"
      },
      "engines": {
        "node": ">= 20"
      }
    },
    "node_modules/https-proxy-agent": {
      "version": "9.1.0",
      "resolved": "https://registry.npmjs.org/https-proxy-agent/-/https-proxy-agent-9.1.0.tgz",
      "integrity": "sha512-ag87y7cJJ9/3+GxFr8Oy4O5faDsGRGnBGsJj/YjOSsSx/5eadKLYTMPlzuR6obgoCDDm0abAAZitXXQkMOPSpA==",
      "license": "MIT",
      "dependencies": {
        "agent-base": "9.0.0",
        "debug": "^4.3.4",
        "proxy-agent-negotiate": "1.1.0"
      },
      "engines": {
        "node": ">= 20"
      }
    },
    "node_modules/iconv-lite": {
      "version": "0.7.3",
      "resolved": "https://registry.npmjs.org/iconv-lite/-/iconv-lite-0.7.3.tgz",
      "integrity": "sha512-IKXpvIzjnC9XTAUbVBcMfGS0EPaIXtW6v+zr+RRp+hqULEpo0owZax6wyRwPOJbWbzjYspQwusTsfVr0ifh4uQ==",
      "license": "MIT",
      "optional": true,
      "dependencies": {
        "safer-buffer": ">= 2.1.2 < 3.0.0"
      },
      "engines": {
        "node": ">=0.10.0"
      },
      "funding": {
        "type": "opencollective",
        "url": "https://opencollective.com/express"
      }
    },
    "node_modules/ip-address": {
      "version": "10.2.0",
      "resolved": "https://registry.npmjs.org/ip-address/-/ip-address-10.2.0.tgz",
      "integrity": "sha512-/+S6j4E9AHvW9SWMSEY9Xfy66O5PWvVEJ08O0y5JGyEKQpojb0K0GKpz/v5HJ/G0vi3D2sjGK78119oXZeE0qA==",
      "license": "MIT",
      "engines": {
        "node": ">= 12"
      }
    },
    "node_modules/lru-cache": {
      "version": "11.5.2",
      "resolved": "https://registry.npmjs.org/lru-cache/-/lru-cache-11.5.2.tgz",
      "integrity": "sha512-4pfM1Ff0x50o0tQwb5ucw/RzNyD0/YJME6IVcStalZuMWxdt3sR3huStTtxz4PUmvZfRguvDejasvQ2kifR11g==",
      "license": "BlueOak-1.0.0",
      "engines": {
        "node": "20 || >=22"
      }
    },
    "node_modules/make-fetch-happen": {
      "version": "16.0.1",
      "resolved": "https://registry.npmjs.org/make-fetch-happen/-/make-fetch-happen-16.0.1.tgz",
      "integrity": "sha512-uUv1yxHzaKVVEPfcFeGSNov/Cehjv08ovlY8ImTljgL7Q+SiA0dAYLQ6SYVa2kkKqNj4Y3aZEI7xv2teadie0A==",
      "license": "ISC",
      "dependencies": {
        "@gar/promise-retry": "^1.0.0",
        "@npmcli/agent": "^5.0.0",
        "@npmcli/redact": "^5.0.0",
        "cacache": "^21.0.0",
        "http-cache-semantics": "^4.1.1",
        "minipass": "^7.0.2",
        "minipass-fetch": "^6.0.0",
        "minipass-flush": "^1.0.5",
        "minipass-pipeline": "^1.2.4",
        "negotiator": "^1.0.0",
        "proc-log": "^7.0.0",
        "ssri": "^14.0.0"
      },
      "engines": {
        "node": "^22.22.2 || ^24.15.0 || >=26.0.0"
      }
    },
    "node_modules/minimatch": {
      "version": "10.2.5",
      "resolved": "https://registry.npmjs.org/minimatch/-/minimatch-10.2.5.tgz",
      "integrity": "sha512-MULkVLfKGYDFYejP07QOurDLLQpcjk7Fw+7jXS2R2czRQzR56yHRveU5NDJEOviH+hETZKSkIk5c+T23GjFUMg==",
      "license": "BlueOak-1.0.0",
      "dependencies": {
        "brace-expansion": "^5.0.5"
      },
      "engines": {
        "node": "18 || 20 || >=22"
      },
      "funding": {
        "url": "https://github.com/sponsors/isaacs"
      }
    },
    "node_modules/minipass": {
      "version": "7.1.3",
      "resolved": "https://registry.npmjs.org/minipass/-/minipass-7.1.3.tgz",
      "integrity": "sha512-tEBHqDnIoM/1rXME1zgka9g6Q2lcoCkxHLuc7ODJ5BxbP5d4c2Z5cGgtXAku59200Cx7diuHTOYfSBD8n6mm8A==",
      "license": "BlueOak-1.0.0",
      "engines": {
        "node": ">=16 || 14 >=14.17"
      }
    },
    "node_modules/minipass-collect": {
      "version": "2.0.1",
      "resolved": "https://registry.npmjs.org/minipass-collect/-/minipass-collect-2.0.1.tgz",
      "integrity": "sha512-D7V8PO9oaz7PWGLbCACuI1qEOsq7UKfLotx/C0Aet43fCUB/wfQ7DYeq2oR/svFJGYDHPr38SHATeaj/ZoKHKw==",
      "license": "ISC",
      "dependencies": {
        "minipass": "^7.0.3"
      },
      "engines": {
        "node": ">=16 || 14 >=14.17"
      }
    },
    "node_modules/minipass-fetch": {
      "version": "6.0.0",
      "resolved": "https://registry.npmjs.org/minipass-fetch/-/minipass-fetch-6.0.0.tgz",
      "integrity": "sha512-AWI8bKapGmgx/J0E6IGYSKj8TiHebZkmKWSs8raPSw8KXwgEAJ+Bw3+LSdXHR6T/RHKAWCOYk2MiLrYluaUU6w==",
      "license": "MIT",
      "dependencies": {
        "minipass": "^7.0.3",
        "minipass-sized": "^2.0.0",
        "minizlib": "^3.0.1"
      },
      "engines": {
        "node": "^22.22.2 || ^24.15.0 || >=26.0.0"
      },
      "optionalDependencies": {
        "iconv-lite": "^0.7.2"
      }
    },
    "node_modules/minipass-flush": {
      "version": "1.0.7",
      "resolved": "https://registry.npmjs.org/minipass-flush/-/minipass-flush-1.0.7.tgz",
      "integrity": "sha512-TbqTz9cUwWyHS2Dy89P3ocAGUGxKjjLuR9z8w4WUTGAVgEj17/4nhgo2Du56i0Fm3Pm30g4iA8Lcqctc76jCzA==",
      "license": "BlueOak-1.0.0",
      "dependencies": {
        "minipass": "^3.0.0"
      },
      "engines": {
        "node": ">= 8"
      }
    },
    "node_modules/minipass-flush/node_modules/minipass": {
      "version": "3.3.6",
      "resolved": "https://registry.npmjs.org/minipass/-/minipass-3.3.6.tgz",
      "integrity": "sha512-DxiNidxSEK+tHG6zOIklvNOwm3hvCrbUrdtzY74U6HKTJxvIDfOUL5W5P2Ghd3DTkhhKPYGqeNUIh5qcM4YBfw==",
      "license": "ISC",
      "dependencies": {
        "yallist": "^4.0.0"
      },
      "engines": {
        "node": ">=8"
      }
    },
    "node_modules/minipass-pipeline": {
      "version": "1.2.4",
      "resolved": "https://registry.npmjs.org/minipass-pipeline/-/minipass-pipeline-1.2.4.tgz",
      "integrity": "sha512-xuIq7cIOt09RPRJ19gdi4b+RiNvDFYe5JH+ggNvBqGqpQXcru3PcRmOZuHBKWK1Txf9+cQ+HMVN4d6z46LZP7A==",
      "license": "ISC",
      "dependencies": {
        "minipass": "^3.0.0"
      },
      "engines": {
        "node": ">=8"
      }
    },
    "node_modules/minipass-pipeline/node_modules/minipass": {
      "version": "3.3.6",
      "resolved": "https://registry.npmjs.org/minipass/-/minipass-3.3.6.tgz",
      "integrity": "sha512-DxiNidxSEK+tHG6zOIklvNOwm3hvCrbUrdtzY74U6HKTJxvIDfOUL5W5P2Ghd3DTkhhKPYGqeNUIh5qcM4YBfw==",
      "license": "ISC",
      "dependencies": {
        "yallist": "^4.0.0"
      },
      "engines": {
        "node": ">=8"
      }
    },
    "node_modules/minipass-sized": {
      "version": "2.0.0",
      "resolved": "https://registry.npmjs.org/minipass-sized/-/minipass-sized-2.0.0.tgz",
      "integrity": "sha512-zSsHhto5BcUVM2m1LurnXY6M//cGhVaegT71OfOXoprxT6o780GZd792ea6FfrQkuU4usHZIUczAQMRUE2plzA==",
      "license": "ISC",
      "dependencies": {
        "minipass": "^7.1.2"
      },
      "engines": {
        "node": ">=8"
      }
    },
    "node_modules/minizlib": {
      "version": "3.1.0",
      "resolved": "https://registry.npmjs.org/minizlib/-/minizlib-3.1.0.tgz",
      "integrity": "sha512-KZxYo1BUkWD2TVFLr0MQoM8vUUigWD3LlD83a/75BqC+4qE0Hb1Vo5v1FgcfaNXvfXzr+5EhQ6ing/CaBijTlw==",
      "license": "MIT",
      "dependencies": {
        "minipass": "^7.1.2"
      },
      "engines": {
        "node": ">= 18"
      }
    },
    "node_modules/ms": {
      "version": "2.1.3",
      "resolved": "https://registry.npmjs.org/ms/-/ms-2.1.3.tgz",
      "integrity": "sha512-6FlzubTLZG3J2a/NVCAleEhjzq5oxgHyaCU9yYXvcLsvoVaHJq/s5xXI6/XXP6tz7R9xAOtHnSO/tXtF3WRTlA==",
      "license": "MIT"
    },
    "node_modules/negotiator": {
      "version": "1.0.0",
      "resolved": "https://registry.npmjs.org/negotiator/-/negotiator-1.0.0.tgz",
      "integrity": "sha512-8Ofs/AUQh8MaEcrlq5xOX0CQ9ypTF5dl78mjlMNfOK08fzpgTHQRQPBxcPlEtIw0yRpws+Zo/3r+5WRby7u3Gg==",
      "license": "MIT",
      "engines": {
        "node": ">= 0.6"
      }
    },
    "node_modules/p-map": {
      "version": "7.0.6",
      "resolved": "https://registry.npmjs.org/p-map/-/p-map-7.0.6.tgz",
      "integrity": "sha512-I4Prw6ivkd6p8PiYR1tXASOAOBzIJwu0TB7fqaX0c/8c3QAehNYmX57EijyGGGBt3c/BIowGwV03RVBtXvHEVg==",
      "license": "MIT",
      "engines": {
        "node": ">=18"
      },
      "funding": {
        "url": "https://github.com/sponsors/sindresorhus"
      }
    },
    "node_modules/path-scurry": {
      "version": "2.0.2",
      "resolved": "https://registry.npmjs.org/path-scurry/-/path-scurry-2.0.2.tgz",
      "integrity": "sha512-3O/iVVsJAPsOnpwWIeD+d6z/7PmqApyQePUtCndjatj/9I5LylHvt5qluFaBT3I5h3r1ejfR056c+FCv+NnNXg==",
      "license": "BlueOak-1.0.0",
      "dependencies": {
        "lru-cache": "^11.0.0",
        "minipass": "^7.1.2"
      },
      "engines": {
        "node": "18 || 20 || >=22"
      },
      "funding": {
        "url": "https://github.com/sponsors/isaacs"
      }
    },
    "node_modules/proc-log": {
      "version": "7.0.0",
      "resolved": "https://registry.npmjs.org/proc-log/-/proc-log-7.0.0.tgz",
      "integrity": "sha512-FYgfaA69XZ93zaXLoMNQ+ViDXGGBgR8aLh03txzcFhV+9xOXx7+8DLCULrKKpR9+GsH9ZfHm82aSUPpozX0Ztg==",
      "license": "ISC",
      "engines": {
        "node": "^22.22.2 || ^24.15.0 || >=26.0.0"
      }
    },
    "node_modules/proxy-agent-negotiate": {
      "version": "1.1.0",
      "resolved": "https://registry.npmjs.org/proxy-agent-negotiate/-/proxy-agent-negotiate-1.1.0.tgz",
      "integrity": "sha512-N8IBcM3UgCVzz2L2Lqv8DVntDnnC8/hiV4nEDUPkqq72TPUgYWjQc+bdZlBPZK9LzPAvOY//gAt0S0DApoOXWQ==",
      "license": "MIT",
      "engines": {
        "node": ">= 20"
      },
      "peerDependencies": {
        "kerberos": "^2.0.0"
      },
      "peerDependenciesMeta": {
        "kerberos": {
          "optional": true
        }
      }
    },
    "node_modules/safer-buffer": {
      "version": "2.1.2",
      "resolved": "https://registry.npmjs.org/safer-buffer/-/safer-buffer-2.1.2.tgz",
      "integrity": "sha512-YZo3K82SD7Riyi0E1EQPojLz7kpepnSQI9IyPbHHg1XXXevb5dJI7tpyN2ADxGcQbHG7vcyRHk0cbwqcQriUtg==",
      "license": "MIT",
      "optional": true
    },
    "node_modules/semver": {
      "version": "7.8.5",
      "resolved": "https://registry.npmjs.org/semver/-/semver-7.8.5.tgz",
      "integrity": "sha512-Y7/KDsb8LjooZpwaqGyulO6DQlksgCncchHGk+sZIY4SBvUocMBEFH5Ur1fI4dV+Jvl0w6cjvucaIi40puRioA==",
      "license": "ISC",
      "bin": {
        "semver": "bin/semver.js"
      },
      "engines": {
        "node": ">=10"
      }
    },
    "node_modules/sigstore": {
      "version": "5.0.0",
      "resolved": "https://registry.npmjs.org/sigstore/-/sigstore-5.0.0.tgz",
      "integrity": "sha512-hJqJfoG/e4qFQaauQL00c6J6FrHLBGKtkFvW3JbTSIEFOhLrSjdSM/gWd/yUOfYo/gsERehTXGC1VZWX+9X4Dg==",
      "license": "Apache-2.0",
      "dependencies": {
        "@sigstore/bundle": "^5.0.0",
        "@sigstore/core": "^4.0.0",
        "@sigstore/protobuf-specs": "^0.5.0",
        "@sigstore/sign": "^5.0.0",
        "@sigstore/tuf": "^5.0.0",
        "@sigstore/verify": "^4.0.0"
      },
      "engines": {
        "node": "^22.22.2 || ^24.15.0 || >=26.0.0"
      }
    },
    "node_modules/smart-buffer": {
      "version": "4.2.0",
      "resolved": "https://registry.npmjs.org/smart-buffer/-/smart-buffer-4.2.0.tgz",
      "integrity": "sha512-94hK0Hh8rPqQl2xXc3HsaBoOXKV20MToPkcXvwbISWLEs+64sBq5kFgn2kJDHb1Pry9yrP0dxrCI9RRci7RXKg==",
      "license": "MIT",
      "engines": {
        "node": ">= 6.0.0",
        "npm": ">= 3.0.0"
      }
    },
    "node_modules/socks": {
      "version": "2.8.9",
      "resolved": "https://registry.npmjs.org/socks/-/socks-2.8.9.tgz",
      "integrity": "sha512-LJhUYUvItdQ0LkJTmPeaEObWXAqFyfmP85x0tch/ez9cahmhlBBLbIqDFnvBnUJGagb0JbIQrkBs1wJ+yRYpEw==",
      "license": "MIT",
      "dependencies": {
        "ip-address": "^10.1.1",
        "smart-buffer": "^4.2.0"
      },
      "engines": {
        "node": ">= 10.0.0",
        "npm": ">= 3.0.0"
      }
    },
    "node_modules/socks-proxy-agent": {
      "version": "10.1.0",
      "resolved": "https://registry.npmjs.org/socks-proxy-agent/-/socks-proxy-agent-10.1.0.tgz",
      "integrity": "sha512-WlMj/67cEJ6MDI1OcsnjuYKDNDoyPCCYZ249kuuXPiMDw9F8PXkVaQ7YWu3siTydfQ/4BEZcvGzu+aYvz7dDCQ==",
      "license": "MIT",
      "dependencies": {
        "agent-base": "9.0.0",
        "debug": "^4.3.4",
        "socks": "^2.8.3"
      },
      "engines": {
        "node": ">= 20"
      }
    },
    "node_modules/ssri": {
      "version": "14.0.0",
      "resolved": "https://registry.npmjs.org/ssri/-/ssri-14.0.0.tgz",
      "integrity": "sha512-jQxKI0yx0ZnTKrqjKkLDV2DXkBQn3k49JVmVqDGcDwKDtGDbImD/GXsq04KD0VVzCQQ9wZJYal3RwR1GzWTSow==",
      "license": "ISC",
      "dependencies": {
        "minipass": "^7.0.3"
      },
      "engines": {
        "node": "^22.22.2 || ^24.15.0 || >=26.0.0"
      }
    },
    "node_modules/tuf-js": {
      "version": "6.0.0",
      "resolved": "https://registry.npmjs.org/tuf-js/-/tuf-js-6.0.0.tgz",
      "integrity": "sha512-zlJVOIO68hmgo1//X4ENEcTGfuOTAtDPi8PsTsG+FyxD85E/ww1ZnwBbWo/yCEExGpI+Kilg7Z3qCdHX2BoJTQ==",
      "license": "MIT",
      "dependencies": {
        "@gar/promise-retry": "^1.0.3",
        "@tufjs/models": "5.0.0",
        "debug": "^4.4.3"
      },
      "engines": {
        "node": "^22.22.2 || ^24.15.0 || >=26.0.0"
      }
    },
    "node_modules/yallist": {
      "version": "4.0.0",
      "resolved": "https://registry.npmjs.org/yallist/-/yallist-4.0.0.tgz",
      "integrity": "sha512-3wdGidZyq5PB084XLES5TpOSRA3wjXAlIWMhum2kRcv/41Sn2emQ0dycQW4uZXLejwKvg6EsvbdlVL+FYEct7A==",
      "license": "ISC"
    }
  }
}
